// !$*UTF8*$!
{
	archiveVersion = 1;
	classes = {
	};
	objectVersion = 46;
	objects = {

/* Begin PBXBuildFile section */
		B5013BC71E95817C0099300A /* AppDelegate.swift in Sources */ = {isa = PBXBuildFile; fileRef = B5013BC61E95817C0099300A /* AppDelegate.swift */; };
		B5013BC91E95817C0099300A /* Assets.xcassets in Resources */ = {isa = PBXBuildFile; fileRef = B5013BC81E95817C0099300A /* Assets.xcassets */; };
		B5013BCC1E95817C0099300A /* MainMenu.xib in Resources */ = {isa = PBXBuildFile; fileRef = B5013BCA1E95817C0099300A /* MainMenu.xib */; };
		B515969F1E95BB2200ED3CA3 /* Images.xcassets in Resources */ = {isa = PBXBuildFile; fileRef = B515969E1E95BB2200ED3CA3 /* Images.xcassets */; };
		B51596A11E963D2D00ED3CA3 /* StatusMenuController.swift in Sources */ = {isa = PBXBuildFile; fileRef = B51596A01E963D2D00ED3CA3 /* StatusMenuController.swift */; };
		B542A1F124BA902C00EE33C8 /* Globals.swift in Sources */ = {isa = PBXBuildFile; fileRef = B542A1F024BA902C00EE33C8 /* Globals.swift */; };
		B542A1F324BA90AA00EE33C8 /* WriteToLog.swift in Sources */ = {isa = PBXBuildFile; fileRef = B542A1F224BA90A900EE33C8 /* WriteToLog.swift */; };
		B5A46CCD226F9B0700C2A88D /* Preferences.swift in Sources */ = {isa = PBXBuildFile; fileRef = B5A46CCC226F9B0700C2A88D /* Preferences.swift */; };
		B5A470B02271CE7200C2A88D /* WebKit.framework in Frameworks */ = {isa = PBXBuildFile; fileRef = B5A470AF2271CE7200C2A88D /* WebKit.framework */; };
		B5AC20321F36479A00C16EAA /* com.jamf.cloudmonitor.plist in Resources */ = {isa = PBXBuildFile; fileRef = B5AC20311F36479A00C16EAA /* com.jamf.cloudmonitor.plist */; };
		B5AC20351F37858800C16EAA /* index.html in Resources */ = {isa = PBXBuildFile; fileRef = B5AC20341F37858800C16EAA /* index.html */; };
		B5AC20371F37859F00C16EAA /* images in Resources */ = {isa = PBXBuildFile; fileRef = B5AC20361F37859F00C16EAA /* images */; };
		B5BD6AD723297762001D244A /* Credentials2.swift in Sources */ = {isa = PBXBuildFile; fileRef = B5BD6AD623297762001D244A /* Credentials2.swift */; };
		B5BD6AD9232F108A001D244A /* VersionCheck.swift in Sources */ = {isa = PBXBuildFile; fileRef = B5BD6AD8232F108A001D244A /* VersionCheck.swift */; };
		B5E62F32231CAB640012FF5A /* UapiCall.swift in Sources */ = {isa = PBXBuildFile; fileRef = B5E62F31231CAB640012FF5A /* UapiCall.swift */; };
		B5E62F34231DA09F0012FF5A /* NotificationAlert.swift in Sources */ = {isa = PBXBuildFile; fileRef = B5E62F33231DA09F0012FF5A /* NotificationAlert.swift */; };
/* End PBXBuildFile section */

/* Begin PBXFileReference section */
		B5013BC31E95817C0099300A /* jamfStatus.app */ = {isa = PBXFileReference; explicitFileType = wrapper.application; includeInIndex = 0; path = jamfStatus.app; sourceTree = BUILT_PRODUCTS_DIR; };
		B5013BC61E95817C0099300A /* AppDelegate.swift */ = {isa = PBXFileReference; lastKnownFileType = sourcecode.swift; path = AppDelegate.swift; sourceTree = "<group>"; };
		B5013BC81E95817C0099300A /* Assets.xcassets */ = {isa = PBXFileReference; lastKnownFileType = folder.assetcatalog; path = Assets.xcassets; sourceTree = "<group>"; };
		B5013BCB1E95817C0099300A /* Base */ = {isa = PBXFileReference; lastKnownFileType = file.xib; name = Base; path = Base.lproj/MainMenu.xib; sourceTree = "<group>"; };
		B5013BCD1E95817C0099300A /* Info.plist */ = {isa = PBXFileReference; lastKnownFileType = text.plist.xml; path = Info.plist; sourceTree = "<group>"; };
		B515969E1E95BB2200ED3CA3 /* Images.xcassets */ = {isa = PBXFileReference; lastKnownFileType = folder.assetcatalog; path = Images.xcassets; sourceTree = "<group>"; };
		B51596A01E963D2D00ED3CA3 /* StatusMenuController.swift */ = {isa = PBXFileReference; fileEncoding = 4; lastKnownFileType = sourcecode.swift; path = StatusMenuController.swift; sourceTree = "<group>"; };
		B542A1F024BA902C00EE33C8 /* Globals.swift */ = {isa = PBXFileReference; fileEncoding = 4; lastKnownFileType = sourcecode.swift; path = Globals.swift; sourceTree = "<group>"; };
		B542A1F224BA90A900EE33C8 /* WriteToLog.swift */ = {isa = PBXFileReference; fileEncoding = 4; lastKnownFileType = sourcecode.swift; path = WriteToLog.swift; sourceTree = "<group>"; };
		B5A46CCC226F9B0700C2A88D /* Preferences.swift */ = {isa = PBXFileReference; lastKnownFileType = sourcecode.swift; path = Preferences.swift; sourceTree = "<group>"; };
		B5A46CCE226FB1E300C2A88D /* jamfStatus.entitlements */ = {isa = PBXFileReference; lastKnownFileType = text.plist.entitlements; path = jamfStatus.entitlements; sourceTree = "<group>"; };
		B5A470AF2271CE7200C2A88D /* WebKit.framework */ = {isa = PBXFileReference; lastKnownFileType = wrapper.framework; name = WebKit.framework; path = System/Library/Frameworks/WebKit.framework; sourceTree = SDKROOT; };
		B5AC20311F36479A00C16EAA /* com.jamf.cloudmonitor.plist */ = {isa = PBXFileReference; fileEncoding = 4; lastKnownFileType = text.plist.xml; path = com.jamf.cloudmonitor.plist; sourceTree = "<group>"; };
		B5AC20341F37858800C16EAA /* index.html */ = {isa = PBXFileReference; fileEncoding = 4; lastKnownFileType = text.html; path = index.html; sourceTree = "<group>"; };
		B5AC20361F37859F00C16EAA /* images */ = {isa = PBXFileReference; lastKnownFileType = folder; path = images; sourceTree = "<group>"; };
		B5BD6AD623297762001D244A /* Credentials2.swift */ = {isa = PBXFileReference; lastKnownFileType = sourcecode.swift; path = Credentials2.swift; sourceTree = "<group>"; };
		B5BD6AD8232F108A001D244A /* VersionCheck.swift */ = {isa = PBXFileReference; lastKnownFileType = sourcecode.swift; path = VersionCheck.swift; sourceTree = "<group>"; };
		B5E62F31231CAB640012FF5A /* UapiCall.swift */ = {isa = PBXFileReference; lastKnownFileType = sourcecode.swift; path = UapiCall.swift; sourceTree = "<group>"; };
		B5E62F33231DA09F0012FF5A /* NotificationAlert.swift */ = {isa = PBXFileReference; lastKnownFileType = sourcecode.swift; path = NotificationAlert.swift; sourceTree = "<group>"; };
/* End PBXFileReference section */

/* Begin PBXFrameworksBuildPhase section */
		B5013BC01E95817C0099300A /* Frameworks */ = {
			isa = PBXFrameworksBuildPhase;
			buildActionMask = 2147483647;
			files = (
				B5A470B02271CE7200C2A88D /* WebKit.framework in Frameworks */,
			);
			runOnlyForDeploymentPostprocessing = 0;
		};
/* End PBXFrameworksBuildPhase section */

/* Begin PBXGroup section */
		B5013BBA1E95817C0099300A = {
			isa = PBXGroup;
			children = (
				B5013BC51E95817C0099300A /* jamfStatus */,
				B5013BC41E95817C0099300A /* Products */,
				B5A46D07227145EA00C2A88D /* Frameworks */,
			);
			sourceTree = "<group>";
		};
		B5013BC41E95817C0099300A /* Products */ = {
			isa = PBXGroup;
			children = (
				B5013BC31E95817C0099300A /* jamfStatus.app */,
			);
			name = Products;
			sourceTree = "<group>";
		};
		B5013BC51E95817C0099300A /* jamfStatus */ = {
			isa = PBXGroup;
			children = (
				B5A46CCE226FB1E300C2A88D /* jamfStatus.entitlements */,
				B5AC20331F37855800C16EAA /* about */,
				B5013BC61E95817C0099300A /* AppDelegate.swift */,
				B5BD6AD623297762001D244A /* Credentials2.swift */,
				B542A1F024BA902C00EE33C8 /* Globals.swift */,
				B5E62F33231DA09F0012FF5A /* NotificationAlert.swift */,
				B5A46CCC226F9B0700C2A88D /* Preferences.swift */,
				B51596A01E963D2D00ED3CA3 /* StatusMenuController.swift */,
				B5E62F31231CAB640012FF5A /* UapiCall.swift */,
				B5BD6AD8232F108A001D244A /* VersionCheck.swift */,
				B542A1F224BA90A900EE33C8 /* WriteToLog.swift */,
				B5013BC81E95817C0099300A /* Assets.xcassets */,
				B515969E1E95BB2200ED3CA3 /* Images.xcassets */,
				B5013BCA1E95817C0099300A /* MainMenu.xib */,
				B5013BCD1E95817C0099300A /* Info.plist */,
				B5AC20311F36479A00C16EAA /* com.jamf.cloudmonitor.plist */,
			);
			path = jamfStatus;
			sourceTree = "<group>";
		};
		B5A46D07227145EA00C2A88D /* Frameworks */ = {
			isa = PBXGroup;
			children = (
				B5A470AF2271CE7200C2A88D /* WebKit.framework */,
			);
			name = Frameworks;
			sourceTree = "<group>";
		};
		B5AC20331F37855800C16EAA /* about */ = {
			isa = PBXGroup;
			children = (
				B5AC20341F37858800C16EAA /* index.html */,
				B5AC20361F37859F00C16EAA /* images */,
			);
			name = about;
			sourceTree = "<group>";
		};
/* End PBXGroup section */

/* Begin PBXNativeTarget section */
		B5013BC21E95817C0099300A /* jamfStatus */ = {
			isa = PBXNativeTarget;
			buildConfigurationList = B5013BD01E95817C0099300A /* Build configuration list for PBXNativeTarget "jamfStatus" */;
			buildPhases = (
				B5013BBF1E95817C0099300A /* Sources */,
				B5013BC01E95817C0099300A /* Frameworks */,
				B5013BC11E95817C0099300A /* Resources */,
			);
			buildRules = (
			);
			dependencies = (
			);
			name = jamfStatus;
			productName = jamfStatus;
			productReference = B5013BC31E95817C0099300A /* jamfStatus.app */;
			productType = "com.apple.product-type.application";
		};
/* End PBXNativeTarget section */

/* Begin PBXProject section */
		B5013BBB1E95817C0099300A /* Project object */ = {
			isa = PBXProject;
			attributes = {
				LastSwiftUpdateCheck = 0820;
				LastUpgradeCheck = 0930;
				ORGANIZATIONNAME = "Leslie Helou";
				TargetAttributes = {
					B5013BC21E95817C0099300A = {
						CreatedOnToolsVersion = 8.2.1;
						DevelopmentTeam = PS2F6S478M;
						LastSwiftMigration = 1020;
						ProvisioningStyle = Automatic;
						SystemCapabilities = {
							com.apple.HardenedRuntime = {
								enabled = 1;
							};
							com.apple.Sandbox = {
								enabled = 1;
							};
						};
					};
				};
			};
			buildConfigurationList = B5013BBE1E95817C0099300A /* Build configuration list for PBXProject "jamfStatus" */;
			compatibilityVersion = "Xcode 3.2";
			developmentRegion = English;
			hasScannedForEncodings = 0;
			knownRegions = (
				English,
				en,
				Base,
			);
			mainGroup = B5013BBA1E95817C0099300A;
			productRefGroup = B5013BC41E95817C0099300A /* Products */;
			projectDirPath = "";
			projectRoot = "";
			targets = (
				B5013BC21E95817C0099300A /* jamfStatus */,
			);
		};
/* End PBXProject section */

/* Begin PBXResourcesBuildPhase section */
		B5013BC11E95817C0099300A /* Resources */ = {
			isa = PBXResourcesBuildPhase;
			buildActionMask = 2147483647;
			files = (
				B515969F1E95BB2200ED3CA3 /* Images.xcassets in Resources */,
				B5013BC91E95817C0099300A /* Assets.xcassets in Resources */,
				B5AC20351F37858800C16EAA /* index.html in Resources */,
				B5AC20321F36479A00C16EAA /* com.jamf.cloudmonitor.plist in Resources */,
				B5AC20371F37859F00C16EAA /* images in Resources */,
				B5013BCC1E95817C0099300A /* MainMenu.xib in Resources */,
			);
			runOnlyForDeploymentPostprocessing = 0;
		};
/* End PBXResourcesBuildPhase section */

/* Begin PBXSourcesBuildPhase section */
		B5013BBF1E95817C0099300A /* Sources */ = {
			isa = PBXSourcesBuildPhase;
			buildActionMask = 2147483647;
			files = (
				B5E62F34231DA09F0012FF5A /* NotificationAlert.swift in Sources */,
				B542A1F324BA90AA00EE33C8 /* WriteToLog.swift in Sources */,
				B5E62F32231CAB640012FF5A /* UapiCall.swift in Sources */,
				B51596A11E963D2D00ED3CA3 /* StatusMenuController.swift in Sources */,
				B5BD6AD723297762001D244A /* Credentials2.swift in Sources */,
				B542A1F124BA902C00EE33C8 /* Globals.swift in Sources */,
				B5013BC71E95817C0099300A /* AppDelegate.swift in Sources */,
				B5BD6AD9232F108A001D244A /* VersionCheck.swift in Sources */,
				B5A46CCD226F9B0700C2A88D /* Preferences.swift in Sources */,
			);
			runOnlyForDeploymentPostprocessing = 0;
		};
/* End PBXSourcesBuildPhase section */

/* Begin PBXVariantGroup section */
		B5013BCA1E95817C0099300A /* MainMenu.xib */ = {
			isa = PBXVariantGroup;
			children = (
				B5013BCB1E95817C0099300A /* Base */,
			);
			name = MainMenu.xib;
			sourceTree = "<group>";
		};
/* End PBXVariantGroup section */

/* Begin XCBuildConfiguration section */
		B5013BCE1E95817C0099300A /* Debug */ = {
			isa = XCBuildConfiguration;
			buildSettings = {
				ALWAYS_SEARCH_USER_PATHS = NO;
				CLANG_ANALYZER_NONNULL = YES;
				CLANG_CXX_LANGUAGE_STANDARD = "gnu++0x";
				CLANG_CXX_LIBRARY = "libc++";
				CLANG_ENABLE_MODULES = YES;
				CLANG_ENABLE_OBJC_ARC = YES;
				CLANG_WARN_BLOCK_CAPTURE_AUTORELEASING = YES;
				CLANG_WARN_BOOL_CONVERSION = YES;
				CLANG_WARN_COMMA = YES;
				CLANG_WARN_CONSTANT_CONVERSION = YES;
				CLANG_WARN_DEPRECATED_OBJC_IMPLEMENTATIONS = YES;
				CLANG_WARN_DIRECT_OBJC_ISA_USAGE = YES_ERROR;
				CLANG_WARN_DOCUMENTATION_COMMENTS = YES;
				CLANG_WARN_EMPTY_BODY = YES;
				CLANG_WARN_ENUM_CONVERSION = YES;
				CLANG_WARN_INFINITE_RECURSION = YES;
				CLANG_WARN_INT_CONVERSION = YES;
				CLANG_WARN_NON_LITERAL_NULL_CONVERSION = YES;
				CLANG_WARN_OBJC_IMPLICIT_RETAIN_SELF = YES;
				CLANG_WARN_OBJC_LITERAL_CONVERSION = YES;
				CLANG_WARN_OBJC_ROOT_CLASS = YES_ERROR;
				CLANG_WARN_RANGE_LOOP_ANALYSIS = YES;
				CLANG_WARN_STRICT_PROTOTYPES = YES;
				CLANG_WARN_SUSPICIOUS_MOVE = YES;
				CLANG_WARN_UNREACHABLE_CODE = YES;
				CLANG_WARN__DUPLICATE_METHOD_MATCH = YES;
				CODE_SIGN_IDENTITY = "-";
				COPY_PHASE_STRIP = NO;
				DEBUG_INFORMATION_FORMAT = dwarf;
				ENABLE_STRICT_OBJC_MSGSEND = YES;
				ENABLE_TESTABILITY = YES;
				GCC_C_LANGUAGE_STANDARD = gnu99;
				GCC_DYNAMIC_NO_PIC = NO;
				GCC_NO_COMMON_BLOCKS = YES;
				GCC_OPTIMIZATION_LEVEL = 0;
				GCC_PREPROCESSOR_DEFINITIONS = (
					"DEBUG=1",
					"$(inherited)",
				);
				GCC_WARN_64_TO_32_BIT_CONVERSION = YES;
				GCC_WARN_ABOUT_RETURN_TYPE = YES_ERROR;
				GCC_WARN_UNDECLARED_SELECTOR = YES;
				GCC_WARN_UNINITIALIZED_AUTOS = YES_AGGRESSIVE;
				GCC_WARN_UNUSED_FUNCTION = YES;
				GCC_WARN_UNUSED_VARIABLE = YES;
				MACOSX_DEPLOYMENT_TARGET = 10.12;
				MTL_ENABLE_DEBUG_INFO = YES;
				ONLY_ACTIVE_ARCH = YES;
				SDKROOT = macosx;
				SWIFT_ACTIVE_COMPILATION_CONDITIONS = DEBUG;
				SWIFT_OPTIMIZATION_LEVEL = "-Onone";
				SWIFT_SWIFT3_OBJC_INFERENCE = Default;
			};
			name = Debug;
		};
		B5013BCF1E95817C0099300A /* Release */ = {
			isa = XCBuildConfiguration;
			buildSettings = {
				ALWAYS_SEARCH_USER_PATHS = NO;
				CLANG_ANALYZER_NONNULL = YES;
				CLANG_CXX_LANGUAGE_STANDARD = "gnu++0x";
				CLANG_CXX_LIBRARY = "libc++";
				CLANG_ENABLE_MODULES = YES;
				CLANG_ENABLE_OBJC_ARC = YES;
				CLANG_WARN_BLOCK_CAPTURE_AUTORELEASING = YES;
				CLANG_WARN_BOOL_CONVERSION = YES;
				CLANG_WARN_COMMA = YES;
				CLANG_WARN_CONSTANT_CONVERSION = YES;
				CLANG_WARN_DEPRECATED_OBJC_IMPLEMENTATIONS = YES;
				CLANG_WARN_DIRECT_OBJC_ISA_USAGE = YES_ERROR;
				CLANG_WARN_DOCUMENTATION_COMMENTS = YES;
				CLANG_WARN_EMPTY_BODY = YES;
				CLANG_WARN_ENUM_CONVERSION = YES;
				CLANG_WARN_INFINITE_RECURSION = YES;
				CLANG_WARN_INT_CONVERSION = YES;
				CLANG_WARN_NON_LITERAL_NULL_CONVERSION = YES;
				CLANG_WARN_OBJC_IMPLICIT_RETAIN_SELF = YES;
				CLANG_WARN_OBJC_LITERAL_CONVERSION = YES;
				CLANG_WARN_OBJC_ROOT_CLASS = YES_ERROR;
				CLANG_WARN_RANGE_LOOP_ANALYSIS = YES;
				CLANG_WARN_STRICT_PROTOTYPES = YES;
				CLANG_WARN_SUSPICIOUS_MOVE = YES;
				CLANG_WARN_UNREACHABLE_CODE = YES;
				CLANG_WARN__DUPLICATE_METHOD_MATCH = YES;
				CODE_SIGN_IDENTITY = "-";
				COPY_PHASE_STRIP = NO;
				DEBUG_INFORMATION_FORMAT = "dwarf-with-dsym";
				ENABLE_NS_ASSERTIONS = NO;
				ENABLE_STRICT_OBJC_MSGSEND = YES;
				GCC_C_LANGUAGE_STANDARD = gnu99;
				GCC_NO_COMMON_BLOCKS = YES;
				GCC_WARN_64_TO_32_BIT_CONVERSION = YES;
				GCC_WARN_ABOUT_RETURN_TYPE = YES_ERROR;
				GCC_WARN_UNDECLARED_SELECTOR = YES;
				GCC_WARN_UNINITIALIZED_AUTOS = YES_AGGRESSIVE;
				GCC_WARN_UNUSED_FUNCTION = YES;
				GCC_WARN_UNUSED_VARIABLE = YES;
				MACOSX_DEPLOYMENT_TARGET = 10.12;
				MTL_ENABLE_DEBUG_INFO = NO;
				SDKROOT = macosx;
				SWIFT_OPTIMIZATION_LEVEL = "-Owholemodule";
				SWIFT_SWIFT3_OBJC_INFERENCE = Default;
			};
			name = Release;
		};
		B5013BD11E95817C0099300A /* Debug */ = {
			isa = XCBuildConfiguration;
			buildSettings = {
				ASSETCATALOG_COMPILER_APPICON_NAME = AppIcon;
				CODE_SIGN_ENTITLEMENTS = jamfStatus/jamfStatus.entitlements;
				CODE_SIGN_IDENTITY = "Mac Developer";
				CODE_SIGN_STYLE = Automatic;
				COMBINE_HIDPI_IMAGES = YES;
				CURRENT_PROJECT_VERSION = 1;
				DEVELOPMENT_TEAM = "";
				ENABLE_HARDENED_RUNTIME = YES;
				INFOPLIST_FILE = jamfStatus/Info.plist;
				LD_RUNPATH_SEARCH_PATHS = "$(inherited) @executable_path/../Frameworks";
				LIBRARY_SEARCH_PATHS = (
					"$(inherited)",
					"$(SDKROOT)/usr/lib/system",
					"$(SDKROOT)/usr/lib/log",
					"$(SDKROOT)/usr/lib/system/introspection",
				);
				MACOSX_DEPLOYMENT_TARGET = 10.12;
				MARKETING_VERSION = 2.2.3;
				PRODUCT_BUNDLE_IDENTIFIER = com.jamf.pse.jamfStatus;
				PRODUCT_NAME = "$(TARGET_NAME)";
				PROVISIONING_PROFILE_SPECIFIER = "";
				SWIFT_VERSION = 5.0;
			};
			name = Debug;
		};
		B5013BD21E95817C0099300A /* Release */ = {
			isa = XCBuildConfiguration;
			buildSettings = {
				ASSETCATALOG_COMPILER_APPICON_NAME = AppIcon;
				CODE_SIGN_ENTITLEMENTS = jamfStatus/jamfStatus.entitlements;
				CODE_SIGN_IDENTITY = "Mac Developer";
				CODE_SIGN_STYLE = Automatic;
				COMBINE_HIDPI_IMAGES = YES;
				CURRENT_PROJECT_VERSION = 1;
				DEVELOPMENT_TEAM = "";
				ENABLE_HARDENED_RUNTIME = YES;
				INFOPLIST_FILE = jamfStatus/Info.plist;
				LD_RUNPATH_SEARCH_PATHS = "$(inherited) @executable_path/../Frameworks";
				LIBRARY_SEARCH_PATHS = (
					"$(inherited)",
					"$(SDKROOT)/usr/lib/system",
					"$(SDKROOT)/usr/lib/log",
					"$(SDKROOT)/usr/lib/system/introspection",
				);
				MACOSX_DEPLOYMENT_TARGET = 10.12;
				MARKETING_VERSION = 2.2.3;
				PRODUCT_BUNDLE_IDENTIFIER = com.jamf.pse.jamfStatus;
				PRODUCT_NAME = "$(TARGET_NAME)";
				PROVISIONING_PROFILE_SPECIFIER = "";
				SWIFT_VERSION = 5.0;
			};
			name = Release;
		};
/* End XCBuildConfiguration section */

/* Begin XCConfigurationList section */
		B5013BBE1E95817C0099300A /* Build configuration list for PBXProject "jamfStatus" */ = {
			isa = XCConfigurationList;
			buildConfigurations = (
				B5013BCE1E95817C0099300A /* Debug */,
				B5013BCF1E95817C0099300A /* Release */,
			);
			defaultConfigurationIsVisible = 0;
			defaultConfigurationName = Release;
		};
		B5013BD01E95817C0099300A /* Build configuration list for PBXNativeTarget "jamfStatus" */ = {
			isa = XCConfigurationList;
			buildConfigurations = (
				B5013BD11E95817C0099300A /* Debug */,
				B5013BD21E95817C0099300A /* Release */,
			);
			defaultConfigurationIsVisible = 0;
			defaultConfigurationName = Release;
		};
/* End XCConfigurationList section */
	};
	rootObject = B5013BBB1E95817C0099300A /* Project object */;
}
