// !$*UTF8*$!
{
	archiveVersion = 1;
	classes = {
	};
	objectVersion = 54;
	objects = {

/* Begin PBXBuildFile section */
		B5013BC71E95817C0099300A /* AppDelegate.swift in Sources */ = {isa = PBXBuildFile; fileRef = B5013BC61E95817C0099300A /* AppDelegate.swift */; };
		B5013BC91E95817C0099300A /* Assets.xcassets in Resources */ = {isa = PBXBuildFile; fileRef = B5013BC81E95817C0099300A /* Assets.xcassets */; };
		B5013BCC1E95817C0099300A /* MainMenu.xib in Resources */ = {isa = PBXBuildFile; fileRef = B5013BCA1E95817C0099300A /* MainMenu.xib */; };
		B515969F1E95BB2200ED3CA3 /* Images.xcassets in Resources */ = {isa = PBXBuildFile; fileRef = B515969E1E95BB2200ED3CA3 /* Images.xcassets */; };
		B51596A11E963D2D00ED3CA3 /* StatusMenuController.swift in Sources */ = {isa = PBXBuildFile; fileRef = B51596A01E963D2D00ED3CA3 /* StatusMenuController.swift */; };
		B542A1F124BA902C00EE33C8 /* Globals.swift in Sources */ = {isa = PBXBuildFile; fileRef = B542A1F024BA902C00EE33C8 /* Globals.swift */; };
		B542A1F324BA90AA00EE33C8 /* WriteToLog.swift in Sources */ = {isa = PBXBuildFile; fileRef = B542A1F224BA90A900EE33C8 /* WriteToLog.swift */; };
		B5A470B02271CE7200C2A88D /* WebKit.framework in Frameworks */ = {isa = PBXBuildFile; fileRef = B5A470AF2271CE7200C2A88D /* WebKit.framework */; };
		B5AC20321F36479A00C16EAA /* com.jamf.cloudmonitor.plist in Resources */ = {isa = PBXBuildFile; fileRef = B5AC20311F36479A00C16EAA /* com.jamf.cloudmonitor.plist */; };
		B5AC20371F37859F00C16EAA /* images in Resources */ = {isa = PBXBuildFile; fileRef = B5AC20361F37859F00C16EAA /* images */; };
		B5BD6AD723297762001D244A /* Credentials.swift in Sources */ = {isa = PBXBuildFile; fileRef = B5BD6AD623297762001D244A /* Credentials.swift */; };
		B5BD6AD9232F108A001D244A /* VersionCheck.swift in Sources */ = {isa = PBXBuildFile; fileRef = B5BD6AD8232F108A001D244A /* VersionCheck.swift */; };
		B5E62F32231CAB640012FF5A /* UapiCall.swift in Sources */ = {isa = PBXBuildFile; fileRef = B5E62F31231CAB640012FF5A /* UapiCall.swift */; };
		B5E62F34231DA09F0012FF5A /* NotificationAlert.swift in Sources */ = {isa = PBXBuildFile; fileRef = B5E62F33231DA09F0012FF5A /* NotificationAlert.swift */; };
		CEB996952EF663F800EDDD1C /* TokenManager.swift in Sources */ = {isa = PBXBuildFile; fileRef = CEB996942EF663F800EDDD1C /* TokenManager.swift */; };
		CEB996972EF6651C00EDDD1C /* TokenInfo.swift in Sources */ = {isa = PBXBuildFile; fileRef = CEB996962EF6651C00EDDD1C /* TokenInfo.swift */; };
		CEB996992EF6D96A00EDDD1C /* LoggerExtension.swift in Sources */ = {isa = PBXBuildFile; fileRef = CEB996982EF6D96A00EDDD1C /* LoggerExtension.swift */; };
		CEB9969B2EF7DB4500EDDD1C /* HealthStatus.swift in Sources */ = {isa = PBXBuildFile; fileRef = CEB9969A2EF7DB4500EDDD1C /* HealthStatus.swift */; };
		CEB9969D2EF8170B00EDDD1C /* CurrentHealthStatus.swift in Sources */ = {isa = PBXBuildFile; fileRef = CEB9969C2EF8170400EDDD1C /* CurrentHealthStatus.swift */; };
		CEB9969F2EF8DB6B00EDDD1C /* About.swift in Sources */ = {isa = PBXBuildFile; fileRef = CEB9969E2EF8DB6600EDDD1C /* About.swift */; };
		CEB996A12EF9309A00EDDD1C /* MyObserverClass.swift in Sources */ = {isa = PBXBuildFile; fileRef = CEB996A02EF9309100EDDD1C /* MyObserverClass.swift */; };
		CEDE63472EEC96B4004A58C9 /* TelemetryDeck in Frameworks */ = {isa = PBXBuildFile; productRef = CEDE63462EEC96B4004A58C9 /* TelemetryDeck */; };
		CEDE63492EEC96CB004A58C9 /* TelemetryDeckConfig.swift in Sources */ = {isa = PBXBuildFile; fileRef = CEDE63482EEC96CB004A58C9 /* TelemetryDeckConfig.swift */; };
/* End PBXBuildFile section */

/* Begin PBXFileReference section */
		B5013BC31E95817C0099300A /* jamfStatus.app */ = {isa = PBXFileReference; explicitFileType = wrapper.application; includeInIndex = 0; path = jamfStatus.app; sourceTree = BUILT_PRODUCTS_DIR; };
		B5013BC61E95817C0099300A /* AppDelegate.swift */ = {isa = PBXFileReference; lastKnownFileType = sourcecode.swift; path = AppDelegate.swift; sourceTree = "<group>"; };
		B5013BC81E95817C0099300A /* Assets.xcassets */ = {isa = PBXFileReference; lastKnownFileType = folder.assetcatalog; path = Assets.xcassets; sourceTree = "<group>"; };
		B5013BCB1E95817C0099300A /* Base */ = {isa = PBXFileReference; lastKnownFileType = file.xib; name = Base; path = Base.lproj/MainMenu.xib; sourceTree = "<group>"; };
		B5013BCD1E95817C0099300A /* Info.plist */ = {isa = PBXFileReference; lastKnownFileType = text.plist.xml; path = Info.plist; sourceTree = "<group>"; };
		B515969E1E95BB2200ED3CA3 /* Images.xcassets */ = {isa = PBXFileReference; lastKnownFileType = folder.assetcatalog; path = Images.xcassets; sourceTree = "<group>"; };
		B51596A01E963D2D00ED3CA3 /* StatusMenuController.swift */ = {isa = PBXFileReference; fileEncoding = 4; lastKnownFileType = sourcecode.swift; path = StatusMenuController.swift; sourceTree = "<group>"; };
		B542A1F024BA902C00EE33C8 /* Globals.swift */ = {isa = PBXFileReference; fileEncoding = 4; lastKnownFileType = sourcecode.swift; path = Globals.swift; sourceTree = "<group>"; };
		B542A1F224BA90A900EE33C8 /* WriteToLog.swift */ = {isa = PBXFileReference; fileEncoding = 4; lastKnownFileType = sourcecode.swift; path = WriteToLog.swift; sourceTree = "<group>"; };
		B5A46CCE226FB1E300C2A88D /* jamfStatus.entitlements */ = {isa = PBXFileReference; lastKnownFileType = text.plist.entitlements; path = jamfStatus.entitlements; sourceTree = "<group>"; };
		B5A470AF2271CE7200C2A88D /* WebKit.framework */ = {isa = PBXFileReference; lastKnownFileType = wrapper.framework; name = WebKit.framework; path = System/Library/Frameworks/WebKit.framework; sourceTree = SDKROOT; };
		B5AC20311F36479A00C16EAA /* com.jamf.cloudmonitor.plist */ = {isa = PBXFileReference; fileEncoding = 4; lastKnownFileType = text.plist.xml; path = com.jamf.cloudmonitor.plist; sourceTree = "<group>"; };
		B5AC20361F37859F00C16EAA /* images */ = {isa = PBXFileReference; lastKnownFileType = folder; path = images; sourceTree = "<group>"; };
		B5BD6AD623297762001D244A /* Credentials.swift */ = {isa = PBXFileReference; lastKnownFileType = sourcecode.swift; path = Credentials.swift; sourceTree = "<group>"; };
		B5BD6AD8232F108A001D244A /* VersionCheck.swift */ = {isa = PBXFileReference; lastKnownFileType = sourcecode.swift; path = VersionCheck.swift; sourceTree = "<group>"; };
		B5E62F31231CAB640012FF5A /* UapiCall.swift */ = {isa = PBXFileReference; lastKnownFileType = sourcecode.swift; path = UapiCall.swift; sourceTree = "<group>"; };
		B5E62F33231DA09F0012FF5A /* NotificationAlert.swift */ = {isa = PBXFileReference; lastKnownFileType = sourcecode.swift; path = NotificationAlert.swift; sourceTree = "<group>"; };
		B5FD9DAB2742AAC60044C321 /* Misc */ = {isa = PBXFileReference; lastKnownFileType = text; path = Misc; sourceTree = "<group>"; };
		CEB996942EF663F800EDDD1C /* TokenManager.swift */ = {isa = PBXFileReference; lastKnownFileType = sourcecode.swift; path = TokenManager.swift; sourceTree = "<group>"; };
		CEB996962EF6651C00EDDD1C /* TokenInfo.swift */ = {isa = PBXFileReference; lastKnownFileType = sourcecode.swift; path = TokenInfo.swift; sourceTree = "<group>"; };
		CEB996982EF6D96A00EDDD1C /* LoggerExtension.swift */ = {isa = PBXFileReference; lastKnownFileType = sourcecode.swift; path = LoggerExtension.swift; sourceTree = "<group>"; };
		CEB9969A2EF7DB4500EDDD1C /* HealthStatus.swift */ = {isa = PBXFileReference; lastKnownFileType = sourcecode.swift; path = HealthStatus.swift; sourceTree = "<group>"; };
		CEB9969C2EF8170400EDDD1C /* CurrentHealthStatus.swift */ = {isa = PBXFileReference; lastKnownFileType = sourcecode.swift; path = CurrentHealthStatus.swift; sourceTree = "<group>"; };
		CEB9969E2EF8DB6600EDDD1C /* About.swift */ = {isa = PBXFileReference; lastKnownFileType = sourcecode.swift; path = About.swift; sourceTree = "<group>"; };
		CEB996A02EF9309100EDDD1C /* MyObserverClass.swift */ = {isa = PBXFileReference; lastKnownFileType = sourcecode.swift; path = MyObserverClass.swift; sourceTree = "<group>"; };
		CEDE63482EEC96CB004A58C9 /* TelemetryDeckConfig.swift */ = {isa = PBXFileReference; lastKnownFileType = sourcecode.swift; path = TelemetryDeckConfig.swift; sourceTree = "<group>"; };
/* End PBXFileReference section */

/* Begin PBXFrameworksBuildPhase section */
		B5013BC01E95817C0099300A /* Frameworks */ = {
			isa = PBXFrameworksBuildPhase;
			buildActionMask = 2147483647;
			files = (
				B5A470B02271CE7200C2A88D /* WebKit.framework in Frameworks */,
				CEDE63472EEC96B4004A58C9 /* TelemetryDeck in Frameworks */,
			);
			runOnlyForDeploymentPostprocessing = 0;
		};
/* End PBXFrameworksBuildPhase section */

/* Begin PBXGroup section */
		B5013BBA1E95817C0099300A = {
			isa = PBXGroup;
			children = (
				B56CA92428EA7C3200236A8A /* Notes */,
				B5013BC51E95817C0099300A /* jamfStatus */,
				B5013BC41E95817C0099300A /* Products */,
				B5A46D07227145EA00C2A88D /* Frameworks */,
			);
			sourceTree = "<group>";
		};
		B5013BC41E95817C0099300A /* Products */ = {
			isa = PBXGroup;
			children = (
				B5013BC31E95817C0099300A /* jamfStatus.app */,
			);
			name = Products;
			sourceTree = "<group>";
		};
		B5013BC51E95817C0099300A /* jamfStatus */ = {
			isa = PBXGroup;
			children = (
				CEB9969E2EF8DB6600EDDD1C /* About.swift */,
				B5A46CCE226FB1E300C2A88D /* jamfStatus.entitlements */,
				B5013BC61E95817C0099300A /* AppDelegate.swift */,
				B5BD6AD623297762001D244A /* Credentials.swift */,
				CEB9969C2EF8170400EDDD1C /* CurrentHealthStatus.swift */,
				B542A1F024BA902C00EE33C8 /* Globals.swift */,
				CEB9969A2EF7DB4500EDDD1C /* HealthStatus.swift */,
				CEB996982EF6D96A00EDDD1C /* LoggerExtension.swift */,
				CEB996A02EF9309100EDDD1C /* MyObserverClass.swift */,
				B5E62F33231DA09F0012FF5A /* NotificationAlert.swift */,
				B51596A01E963D2D00ED3CA3 /* StatusMenuController.swift */,
				CEDE63482EEC96CB004A58C9 /* TelemetryDeckConfig.swift */,
				CEB996942EF663F800EDDD1C /* TokenManager.swift */,
				CEB996962EF6651C00EDDD1C /* TokenInfo.swift */,
				B5E62F31231CAB640012FF5A /* UapiCall.swift */,
				B5BD6AD8232F108A001D244A /* VersionCheck.swift */,
				B542A1F224BA90A900EE33C8 /* WriteToLog.swift */,
				B5AC20361F37859F00C16EAA /* images */,
				B5013BC81E95817C0099300A /* Assets.xcassets */,
				B515969E1E95BB2200ED3CA3 /* Images.xcassets */,
				B5013BCA1E95817C0099300A /* MainMenu.xib */,
				B5013BCD1E95817C0099300A /* Info.plist */,
				B5AC20311F36479A00C16EAA /* com.jamf.cloudmonitor.plist */,
			);
			path = jamfStatus;
			sourceTree = "<group>";
		};
		B56CA92428EA7C3200236A8A /* Notes */ = {
			isa = PBXGroup;
			children = (
				B5FD9DAB2742AAC60044C321 /* Misc */,
			);
			name = Notes;
			path = jamfStatus/Notes;
			sourceTree = "<group>";
		};
		B5A46D07227145EA00C2A88D /* Frameworks */ = {
			isa = PBXGroup;
			children = (
				B5A470AF2271CE7200C2A88D /* WebKit.framework */,
			);
			name = Frameworks;
			sourceTree = "<group>";
		};
/* End PBXGroup section */

/* Begin PBXNativeTarget section */
		B5013BC21E95817C0099300A /* jamfStatus */ = {
			isa = PBXNativeTarget;
			buildConfigurationList = B5013BD01E95817C0099300A /* Build configuration list for PBXNativeTarget "jamfStatus" */;
			buildPhases = (
				B5013BBF1E95817C0099300A /* Sources */,
				B5013BC01E95817C0099300A /* Frameworks */,
				B5013BC11E95817C0099300A /* Resources */,
			);
			buildRules = (
			);
			dependencies = (
			);
			name = jamfStatus;
			productName = jamfStatus;
			productReference = B5013BC31E95817C0099300A /* jamfStatus.app */;
			productType = "com.apple.product-type.application";
		};
/* End PBXNativeTarget section */

/* Begin PBXProject section */
		B5013BBB1E95817C0099300A /* Project object */ = {
			isa = PBXProject;
			attributes = {
				BuildIndependentTargetsInParallel = YES;
				LastSwiftUpdateCheck = 0820;
				LastUpgradeCheck = 2620;
				ORGANIZATIONNAME = "Leslie Helou";
				TargetAttributes = {
					B5013BC21E95817C0099300A = {
						CreatedOnToolsVersion = 8.2.1;
						DevelopmentTeam = T82LNZG37Z;
						LastSwiftMigration = 1020;
						ProvisioningStyle = Automatic;
						SystemCapabilities = {
							com.apple.HardenedRuntime = {
								enabled = 1;
							};
							com.apple.Sandbox = {
								enabled = 1;
							};
						};
					};
				};
			};
			buildConfigurationList = B5013BBE1E95817C0099300A /* Build configuration list for PBXProject "jamfStatus" */;
			compatibilityVersion = "Xcode 3.2";
			developmentRegion = en;
			hasScannedForEncodings = 0;
			knownRegions = (
				en,
				Base,
			);
			mainGroup = B5013BBA1E95817C0099300A;
			packageReferences = (
				CEDE63452EEC96B4004A58C9 /* XCRemoteSwiftPackageReference "SwiftSDK" */,
			);
			productRefGroup = B5013BC41E95817C0099300A /* Products */;
			projectDirPath = "";
			projectRoot = "";
			targets = (
				B5013BC21E95817C0099300A /* jamfStatus */,
			);
		};
/* End PBXProject section */

/* Begin PBXResourcesBuildPhase section */
		B5013BC11E95817C0099300A /* Resources */ = {
			isa = PBXResourcesBuildPhase;
			buildActionMask = 2147483647;
			files = (
				B515969F1E95BB2200ED3CA3 /* Images.xcassets in Resources */,
				B5013BC91E95817C0099300A /* Assets.xcassets in Resources */,
				B5AC20321F36479A00C16EAA /* com.jamf.cloudmonitor.plist in Resources */,
				B5AC20371F37859F00C16EAA /* images in Resources */,
				B5013BCC1E95817C0099300A /* MainMenu.xib in Resources */,
			);
			runOnlyForDeploymentPostprocessing = 0;
		};
/* End PBXResourcesBuildPhase section */

/* Begin PBXSourcesBuildPhase section */
		B5013BBF1E95817C0099300A /* Sources */ = {
			isa = PBXSourcesBuildPhase;
			buildActionMask = 2147483647;
			files = (
				CEB996952EF663F800EDDD1C /* TokenManager.swift in Sources */,
				B5E62F34231DA09F0012FF5A /* NotificationAlert.swift in Sources */,
				CEB9969B2EF7DB4500EDDD1C /* HealthStatus.swift in Sources */,
				CEB9969D2EF8170B00EDDD1C /* CurrentHealthStatus.swift in Sources */,
				CEB996A12EF9309A00EDDD1C /* MyObserverClass.swift in Sources */,
				B542A1F324BA90AA00EE33C8 /* WriteToLog.swift in Sources */,
				CEB996972EF6651C00EDDD1C /* TokenInfo.swift in Sources */,
				B5E62F32231CAB640012FF5A /* UapiCall.swift in Sources */,
				CEB996992EF6D96A00EDDD1C /* LoggerExtension.swift in Sources */,
				B51596A11E963D2D00ED3CA3 /* StatusMenuController.swift in Sources */,
				CEDE63492EEC96CB004A58C9 /* TelemetryDeckConfig.swift in Sources */,
				CEB9969F2EF8DB6B00EDDD1C /* About.swift in Sources */,
				B5BD6AD723297762001D244A /* Credentials.swift in Sources */,
				B542A1F124BA902C00EE33C8 /* Globals.swift in Sources */,
				B5013BC71E95817C0099300A /* AppDelegate.swift in Sources */,
				B5BD6AD9232F108A001D244A /* VersionCheck.swift in Sources */,
			);
			runOnlyForDeploymentPostprocessing = 0;
		};
/* End PBXSourcesBuildPhase section */

/* Begin PBXVariantGroup section */
		B5013BCA1E95817C0099300A /* MainMenu.xib */ = {
			isa = PBXVariantGroup;
			children = (
				B5013BCB1E95817C0099300A /* Base */,
			);
			name = MainMenu.xib;
			sourceTree = "<group>";
		};
/* End PBXVariantGroup section */

/* Begin XCBuildConfiguration section */
		B5013BCE1E95817C0099300A /* Debug */ = {
			isa = XCBuildConfiguration;
			buildSettings = {
				ALWAYS_SEARCH_USER_PATHS = NO;
				CLANG_ANALYZER_NONNULL = YES;
				CLANG_CXX_LANGUAGE_STANDARD = "gnu++0x";
				CLANG_CXX_LIBRARY = "libc++";
				CLANG_ENABLE_MODULES = YES;
				CLANG_ENABLE_OBJC_ARC = YES;
				CLANG_WARN_BLOCK_CAPTURE_AUTORELEASING = YES;
				CLANG_WARN_BOOL_CONVERSION = YES;
				CLANG_WARN_COMMA = YES;
				CLANG_WARN_CONSTANT_CONVERSION = YES;
				CLANG_WARN_DEPRECATED_OBJC_IMPLEMENTATIONS = YES;
				CLANG_WARN_DIRECT_OBJC_ISA_USAGE = YES_ERROR;
				CLANG_WARN_DOCUMENTATION_COMMENTS = YES;
				CLANG_WARN_EMPTY_BODY = YES;
				CLANG_WARN_ENUM_CONVERSION = YES;
				CLANG_WARN_INFINITE_RECURSION = YES;
				CLANG_WARN_INT_CONVERSION = YES;
				CLANG_WARN_NON_LITERAL_NULL_CONVERSION = YES;
				CLANG_WARN_OBJC_IMPLICIT_RETAIN_SELF = YES;
				CLANG_WARN_OBJC_LITERAL_CONVERSION = YES;
				CLANG_WARN_OBJC_ROOT_CLASS = YES_ERROR;
				CLANG_WARN_QUOTED_INCLUDE_IN_FRAMEWORK_HEADER = YES;
				CLANG_WARN_RANGE_LOOP_ANALYSIS = YES;
				CLANG_WARN_STRICT_PROTOTYPES = YES;
				CLANG_WARN_SUSPICIOUS_MOVE = YES;
				CLANG_WARN_UNREACHABLE_CODE = YES;
				CLANG_WARN__DUPLICATE_METHOD_MATCH = YES;
				CODE_SIGN_IDENTITY = "-";
				COPY_PHASE_STRIP = NO;
				DEAD_CODE_STRIPPING = YES;
				DEBUG_INFORMATION_FORMAT = dwarf;
				DEVELOPMENT_TEAM = T82LNZG37Z;
				ENABLE_STRICT_OBJC_MSGSEND = YES;
				ENABLE_TESTABILITY = YES;
				ENABLE_USER_SCRIPT_SANDBOXING = YES;
				GCC_C_LANGUAGE_STANDARD = gnu99;
				GCC_DYNAMIC_NO_PIC = NO;
				GCC_NO_COMMON_BLOCKS = YES;
				GCC_OPTIMIZATION_LEVEL = 0;
				GCC_PREPROCESSOR_DEFINITIONS = (
					"DEBUG=1",
					"$(inherited)",
				);
				GCC_WARN_64_TO_32_BIT_CONVERSION = YES;
				GCC_WARN_ABOUT_RETURN_TYPE = YES_ERROR;
				GCC_WARN_UNDECLARED_SELECTOR = YES;
				GCC_WARN_UNINITIALIZED_AUTOS = YES_AGGRESSIVE;
				GCC_WARN_UNUSED_FUNCTION = YES;
				GCC_WARN_UNUSED_VARIABLE = YES;
				MACOSX_DEPLOYMENT_TARGET = 11.0;
				MTL_ENABLE_DEBUG_INFO = YES;
				ONLY_ACTIVE_ARCH = YES;
				SDKROOT = macosx;
				STRING_CATALOG_GENERATE_SYMBOLS = YES;
				SWIFT_ACTIVE_COMPILATION_CONDITIONS = DEBUG;
				SWIFT_OPTIMIZATION_LEVEL = "-Onone";
				SWIFT_SWIFT3_OBJC_INFERENCE = Default;
			};
			name = Debug;
		};
		B5013BCF1E95817C0099300A /* Release */ = {
			isa = XCBuildConfiguration;
			buildSettings = {
				ALWAYS_SEARCH_USER_PATHS = NO;
				CLANG_ANALYZER_NONNULL = YES;
				CLANG_CXX_LANGUAGE_STANDARD = "gnu++0x";
				CLANG_CXX_LIBRARY = "libc++";
				CLANG_ENABLE_MODULES = YES;
				CLANG_ENABLE_OBJC_ARC = YES;
				CLANG_WARN_BLOCK_CAPTURE_AUTORELEASING = YES;
				CLANG_WARN_BOOL_CONVERSION = YES;
				CLANG_WARN_COMMA = YES;
				CLANG_WARN_CONSTANT_CONVERSION = YES;
				CLANG_WARN_DEPRECATED_OBJC_IMPLEMENTATIONS = YES;
				CLANG_WARN_DIRECT_OBJC_ISA_USAGE = YES_ERROR;
				CLANG_WARN_DOCUMENTATION_COMMENTS = YES;
				CLANG_WARN_EMPTY_BODY = YES;
				CLANG_WARN_ENUM_CONVERSION = YES;
				CLANG_WARN_INFINITE_RECURSION = YES;
				CLANG_WARN_INT_CONVERSION = YES;
				CLANG_WARN_NON_LITERAL_NULL_CONVERSION = YES;
				CLANG_WARN_OBJC_IMPLICIT_RETAIN_SELF = YES;
				CLANG_WARN_OBJC_LITERAL_CONVERSION = YES;
				CLANG_WARN_OBJC_ROOT_CLASS = YES_ERROR;
				CLANG_WARN_QUOTED_INCLUDE_IN_FRAMEWORK_HEADER = YES;
				CLANG_WARN_RANGE_LOOP_ANALYSIS = YES;
				CLANG_WARN_STRICT_PROTOTYPES = YES;
				CLANG_WARN_SUSPICIOUS_MOVE = YES;
				CLANG_WARN_UNREACHABLE_CODE = YES;
				CLANG_WARN__DUPLICATE_METHOD_MATCH = YES;
				CODE_SIGN_IDENTITY = "-";
				COPY_PHASE_STRIP = NO;
				DEAD_CODE_STRIPPING = YES;
				DEBUG_INFORMATION_FORMAT = "dwarf-with-dsym";
				DEVELOPMENT_TEAM = T82LNZG37Z;
				ENABLE_NS_ASSERTIONS = NO;
				ENABLE_STRICT_OBJC_MSGSEND = YES;
				ENABLE_USER_SCRIPT_SANDBOXING = YES;
				GCC_C_LANGUAGE_STANDARD = gnu99;
				GCC_NO_COMMON_BLOCKS = YES;
				GCC_WARN_64_TO_32_BIT_CONVERSION = YES;
				GCC_WARN_ABOUT_RETURN_TYPE = YES_ERROR;
				GCC_WARN_UNDECLARED_SELECTOR = YES;
				GCC_WARN_UNINITIALIZED_AUTOS = YES_AGGRESSIVE;
				GCC_WARN_UNUSED_FUNCTION = YES;
				GCC_WARN_UNUSED_VARIABLE = YES;
				MACOSX_DEPLOYMENT_TARGET = 11.0;
				MTL_ENABLE_DEBUG_INFO = NO;
				SDKROOT = macosx;
				STRING_CATALOG_GENERATE_SYMBOLS = YES;
				SWIFT_COMPILATION_MODE = wholemodule;
				SWIFT_OPTIMIZATION_LEVEL = "-O";
				SWIFT_SWIFT3_OBJC_INFERENCE = Default;
			};
			name = Release;
		};
		B5013BD11E95817C0099300A /* Debug */ = {
			isa = XCBuildConfiguration;
			buildSettings = {
				ASSETCATALOG_COMPILER_APPICON_NAME = AppIcon;
				CODE_SIGN_ENTITLEMENTS = jamfStatus/jamfStatus.entitlements;
				CODE_SIGN_IDENTITY = "Mac Developer";
				"CODE_SIGN_IDENTITY[sdk=macosx*]" = "Apple Development";
				CODE_SIGN_STYLE = Automatic;
				COMBINE_HIDPI_IMAGES = YES;
				CURRENT_PROJECT_VERSION = 1;
				DEAD_CODE_STRIPPING = YES;
				ENABLE_HARDENED_RUNTIME = YES;
				EXCLUDED_SOURCE_FILE_NAMES = Notes;
				INFOPLIST_FILE = jamfStatus/Info.plist;
				INFOPLIST_KEY_CFBundleDisplayName = JamfStatus;
				INFOPLIST_KEY_LSApplicationCategoryType = "public.app-category.utilities";
				LD_RUNPATH_SEARCH_PATHS = (
					"$(inherited)",
					"@executable_path/../Frameworks",
				);
				LIBRARY_SEARCH_PATHS = (
					"$(inherited)",
					"$(SDKROOT)/usr/lib/system",
					"$(SDKROOT)/usr/lib/log",
					"$(SDKROOT)/usr/lib/system/introspection",
				);
				MACOSX_DEPLOYMENT_TARGET = 12.4;
				MARKETING_VERSION = 2.5.0;
				PRODUCT_BUNDLE_IDENTIFIER = com.jamf.pse.jamfStatus;
				PRODUCT_NAME = "$(TARGET_NAME)";
				PROVISIONING_PROFILE_SPECIFIER = "";
				SWIFT_VERSION = 5.0;
			};
			name = Debug;
		};
		B5013BD21E95817C0099300A /* Release */ = {
			isa = XCBuildConfiguration;
			buildSettings = {
				ASSETCATALOG_COMPILER_APPICON_NAME = AppIcon;
				CODE_SIGN_ENTITLEMENTS = jamfStatus/jamfStatus.entitlements;
				CODE_SIGN_IDENTITY = "Mac Developer";
				"CODE_SIGN_IDENTITY[sdk=macosx*]" = "Apple Development";
				CODE_SIGN_STYLE = Automatic;
				COMBINE_HIDPI_IMAGES = YES;
				CURRENT_PROJECT_VERSION = 1;
				DEAD_CODE_STRIPPING = YES;
				ENABLE_HARDENED_RUNTIME = YES;
				EXCLUDED_SOURCE_FILE_NAMES = Notes;
				INFOPLIST_FILE = jamfStatus/Info.plist;
				INFOPLIST_KEY_CFBundleDisplayName = JamfStatus;
				INFOPLIST_KEY_LSApplicationCategoryType = "public.app-category.utilities";
				LD_RUNPATH_SEARCH_PATHS = (
					"$(inherited)",
					"@executable_path/../Frameworks",
				);
				LIBRARY_SEARCH_PATHS = (
					"$(inherited)",
					"$(SDKROOT)/usr/lib/system",
					"$(SDKROOT)/usr/lib/log",
					"$(SDKROOT)/usr/lib/system/introspection",
				);
				MACOSX_DEPLOYMENT_TARGET = 12.4;
				MARKETING_VERSION = 2.5.0;
				PRODUCT_BUNDLE_IDENTIFIER = com.jamf.pse.jamfStatus;
				PRODUCT_NAME = "$(TARGET_NAME)";
				PROVISIONING_PROFILE_SPECIFIER = "";
				SWIFT_VERSION = 5.0;
			};
			name = Release;
		};
/* End XCBuildConfiguration section */

/* Begin XCConfigurationList section */
		B5013BBE1E95817C0099300A /* Build configuration list for PBXProject "jamfStatus" */ = {
			isa = XCConfigurationList;
			buildConfigurations = (
				B5013BCE1E95817C0099300A /* Debug */,
				B5013BCF1E95817C0099300A /* Release */,
			);
			defaultConfigurationIsVisible = 0;
			defaultConfigurationName = Release;
		};
		B5013BD01E95817C0099300A /* Build configuration list for PBXNativeTarget "jamfStatus" */ = {
			isa = XCConfigurationList;
			buildConfigurations = (
				B5013BD11E95817C0099300A /* Debug */,
				B5013BD21E95817C0099300A /* Release */,
			);
			defaultConfigurationIsVisible = 0;
			defaultConfigurationName = Release;
		};
/* End XCConfigurationList section */

/* Begin XCRemoteSwiftPackageReference section */
		CEDE63452EEC96B4004A58C9 /* XCRemoteSwiftPackageReference "SwiftSDK" */ = {
			isa = XCRemoteSwiftPackageReference;
			repositoryURL = "https://github.com/TelemetryDeck/SwiftSDK";
			requirement = {
				kind = upToNextMajorVersion;
				minimumVersion = 2.11.0;
			};
		};
/* End XCRemoteSwiftPackageReference section */

/* Begin XCSwiftPackageProductDependency section */
		CEDE63462EEC96B4004A58C9 /* TelemetryDeck */ = {
			isa = XCSwiftPackageProductDependency;
			package = CEDE63452EEC96B4004A58C9 /* XCRemoteSwiftPackageReference "SwiftSDK" */;
			productName = TelemetryDeck;
		};
/* End XCSwiftPackageProductDependency section */
	};
	rootObject = B5013BBB1E95817C0099300A /* Project object */;
}
